
Microsoft Visual Studio Solution File, Format Version 12.00
# Visual Studio 2017
Project("{FAE04EC0-301F-11D3-BF4B-00C04F79EFBC}") = "HuaweiTestCam", "HuaweiTestCam.csproj", "{B2B48017-0A79-E66F-011B-21BAD1CA6AF7}"
EndProject
Project("{FAE04EC0-301F-11D3-BF4B-00C04F79EFBC}") = "HuaweiTestCam.Editor", "HuaweiTestCam.Editor.csproj", "{A10F8C21-8992-F856-2FAE-931882C5C279}"
EndProject
Global
	GlobalSection(SolutionConfigurationPlatforms) = preSolution
		Debug|Any CPU = Debug|Any CPU
		Release|Any CPU = Release|Any CPU
	EndGlobalSection
	GlobalSection(ProjectConfigurationPlatforms) = postSolution
		{B2B48017-0A79-E66F-011B-21BAD1CA6AF7}.Debug|Any CPU.ActiveCfg = Debug|Any CPU
		{B2B48017-0A79-E66F-011B-21BAD1CA6AF7}.Debug|Any CPU.Build.0 = Debug|Any CPU
		{B2B48017-0A79-E66F-011B-21BAD1CA6AF7}.Release|Any CPU.ActiveCfg = Release|Any CPU
		{B2B48017-0A79-E66F-011B-21BAD1CA6AF7}.Release|Any CPU.Build.0 = Release|Any CPU
		{A10F8C21-8992-F856-2FAE-931882C5C279}.Debug|Any CPU.ActiveCfg = Debug|Any CPU
		{A10F8C21-8992-F856-2FAE-931882C5C279}.Debug|Any CPU.Build.0 = Debug|Any CPU
		{A10F8C21-8992-F856-2FAE-931882C5C279}.Release|Any CPU.ActiveCfg = Release|Any CPU
		{A10F8C21-8992-F856-2FAE-931882C5C279}.Release|Any CPU.Build.0 = Release|Any CPU
	EndGlobalSection
	GlobalSection(SolutionProperties) = preSolution
		HideSolutionNode = FALSE
	EndGlobalSection
EndGlobal
